// !$*UTF8*$!
{
	archiveVersion = 1;
	classes = {
	};
	objectVersion = 46;
	objects = {

/* Begin PBXBuildFile section */
		59938A3D18862F58007DF862 /* Foundation.framework in Frameworks */ = {isa = PBXBuildFile; fileRef = 59938A3C18862F58007DF862 /* Foundation.framework */; };
		59938A3F18862F58007DF862 /* CoreGraphics.framework in Frameworks */ = {isa = PBXBuildFile; fileRef = 59938A3E18862F58007DF862 /* CoreGraphics.framework */; };
		59938A4118862F58007DF862 /* UIKit.framework in Frameworks */ = {isa = PBXBuildFile; fileRef = 59938A4018862F58007DF862 /* UIKit.framework */; };
		59938A4718862F58007DF862 /* InfoPlist.strings in Resources */ = {isa = PBXBuildFile; fileRef = 59938A4518862F58007DF862 /* InfoPlist.strings */; };
		59938A4918862F58007DF862 /* main.m in Sources */ = {isa = PBXBuildFile; fileRef = 59938A4818862F58007DF862 /* main.m */; };
		59938A4D18862F58007DF862 /* AppDelegate.m in Sources */ = {isa = PBXBuildFile; fileRef = 59938A4C18862F58007DF862 /* AppDelegate.m */; };
		59938A5018862F58007DF862 /* Main_iPhone.storyboard in Resources */ = {isa = PBXBuildFile; fileRef = 59938A4E18862F58007DF862 /* Main_iPhone.storyboard */; };
		59938A5318862F58007DF862 /* Main_iPad.storyboard in Resources */ = {isa = PBXBuildFile; fileRef = 59938A5118862F58007DF862 /* Main_iPad.storyboard */; };
		59938A5618862F58007DF862 /* ViewController.m in Sources */ = {isa = PBXBuildFile; fileRef = 59938A5518862F58007DF862 /* ViewController.m */; };
		59938A5818862F58007DF862 /* Images.xcassets in Resources */ = {isa = PBXBuildFile; fileRef = 59938A5718862F58007DF862 /* Images.xcassets */; };
		59938A5F18862F58007DF862 /* XCTest.framework in Frameworks */ = {isa = PBXBuildFile; fileRef = 59938A5E18862F58007DF862 /* XCTest.framework */; };
		59938A6018862F58007DF862 /* Foundation.framework in Frameworks */ = {isa = PBXBuildFile; fileRef = 59938A3C18862F58007DF862 /* Foundation.framework */; };
		59938A6118862F58007DF862 /* UIKit.framework in Frameworks */ = {isa = PBXBuildFile; fileRef = 59938A4018862F58007DF862 /* UIKit.framework */; };
		59938A6918862F58007DF862 /* InfoPlist.strings in Resources */ = {isa = PBXBuildFile; fileRef = 59938A6718862F58007DF862 /* InfoPlist.strings */; };
		59938A6B18862F58007DF862 /* FoobarTests.m in Sources */ = {isa = PBXBuildFile; fileRef = 59938A6A18862F58007DF862 /* FoobarTests.m */; };
/* End PBXBuildFile section */

/* Begin PBXContainerItemProxy section */
		59938A6218862F58007DF862 /* PBXContainerItemProxy */ = {
			isa = PBXContainerItemProxy;
			containerPortal = 59938A3118862F58007DF862 /* Project object */;
			proxyType = 1;
			remoteGlobalIDString = 59938A3818862F58007DF862;
			remoteInfo = Foobar;
		};
/* End PBXContainerItemProxy section */

/* Begin PBXFileReference section */
		59938A3918862F58007DF862 /* Foobar.app */ = {isa = PBXFileReference; explicitFileType = wrapper.application; includeInIndex = 0; path = Foobar.app; sourceTree = BUILT_PRODUCTS_DIR; };
		59938A3C18862F58007DF862 /* Foundation.framework */ = {isa = PBXFileReference; lastKnownFileType = wrapper.framework; name = Foundation.framework; path = System/Library/Frameworks/Foundation.framework; sourceTree = SDKROOT; };
		59938A3E18862F58007DF862 /* CoreGraphics.framework */ = {isa = PBXFileReference; lastKnownFileType = wrapper.framework; name = CoreGraphics.framework; path = System/Library/Frameworks/CoreGraphics.framework; sourceTree = SDKROOT; };
		59938A4018862F58007DF862 /* UIKit.framework */ = {isa = PBXFileReference; lastKnownFileType = wrapper.framework; name = UIKit.framework; path = System/Library/Frameworks/UIKit.framework; sourceTree = SDKROOT; };
		59938A4418862F58007DF862 /* Foobar-Info.plist */ = {isa = PBXFileReference; lastKnownFileType = text.plist.xml; path = "Foobar-Info.plist"; sourceTree = "<group>"; };
		59938A4618862F58007DF862 /* en */ = {isa = PBXFileReference; lastKnownFileType = text.plist.strings; name = en; path = en.lproj/InfoPlist.strings; sourceTree = "<group>"; };
		59938A4818862F58007DF862 /* main.m */ = {isa = PBXFileReference; lastKnownFileType = sourcecode.c.objc; path = main.m; sourceTree = "<group>"; };
		59938A4A18862F58007DF862 /* Foobar-Prefix.pch */ = {isa = PBXFileReference; lastKnownFileType = sourcecode.c.h; path = "Foobar-Prefix.pch"; sourceTree = "<group>"; };
		59938A4B18862F58007DF862 /* AppDelegate.h */ = {isa = PBXFileReference; lastKnownFileType = sourcecode.c.h; path = AppDelegate.h; sourceTree = "<group>"; };
		59938A4C18862F58007DF862 /* AppDelegate.m */ = {isa = PBXFileReference; lastKnownFileType = sourcecode.c.objc; path = AppDelegate.m; sourceTree = "<group>"; };
		59938A4F18862F58007DF862 /* Base */ = {isa = PBXFileReference; lastKnownFileType = file.storyboard; name = Base; path = Base.lproj/Main_iPhone.storyboard; sourceTree = "<group>"; };
		59938A5218862F58007DF862 /* Base */ = {isa = PBXFileReference; lastKnownFileType = file.storyboard; name = Base; path = Base.lproj/Main_iPad.storyboard; sourceTree = "<group>"; };
		59938A5418862F58007DF862 /* ViewController.h */ = {isa = PBXFileReference; lastKnownFileType = sourcecode.c.h; path = ViewController.h; sourceTree = "<group>"; };
		59938A5518862F58007DF862 /* ViewController.m */ = {isa = PBXFileReference; lastKnownFileType = sourcecode.c.objc; path = ViewController.m; sourceTree = "<group>"; };
		59938A5718862F58007DF862 /* Images.xcassets */ = {isa = PBXFileReference; lastKnownFileType = folder.assetcatalog; path = Images.xcassets; sourceTree = "<group>"; };
		59938A5D18862F58007DF862 /* FoobarTests.xctest */ = {isa = PBXFileReference; explicitFileType = wrapper.cfbundle; includeInIndex = 0; path = FoobarTests.xctest; sourceTree = BUILT_PRODUCTS_DIR; };
		59938A5E18862F58007DF862 /* XCTest.framework */ = {isa = PBXFileReference; lastKnownFileType = wrapper.framework; name = XCTest.framework; path = Library/Frameworks/XCTest.framework; sourceTree = DEVELOPER_DIR; };
		59938A6618862F58007DF862 /* FoobarTests-Info.plist */ = {isa = PBXFileReference; lastKnownFileType = text.plist.xml; path = "FoobarTests-Info.plist"; sourceTree = "<group>"; };
		59938A6818862F58007DF862 /* en */ = {isa = PBXFileReference; lastKnownFileType = text.plist.strings; name = en; path = en.lproj/InfoPlist.strings; sourceTree = "<group>"; };
		59938A6A18862F58007DF862 /* FoobarTests.m */ = {isa = PBXFileReference; lastKnownFileType = sourcecode.c.objc; path = FoobarTests.m; sourceTree = "<group>"; };
/* End PBXFileReference section */

/* Begin PBXFrameworksBuildPhase section */
		59938A3618862F58007DF862 /* Frameworks */ = {
			isa = PBXFrameworksBuildPhase;
			buildActionMask = 2147483647;
			files = (
				59938A3F18862F58007DF862 /* CoreGraphics.framework in Frameworks */,
				59938A4118862F58007DF862 /* UIKit.framework in Frameworks */,
				59938A3D18862F58007DF862 /* Foundation.framework in Frameworks */,
			);
			runOnlyForDeploymentPostprocessing = 0;
		};
		59938A5A18862F58007DF862 /* Frameworks */ = {
			isa = PBXFrameworksBuildPhase;
			buildActionMask = 2147483647;
			files = (
				59938A5F18862F58007DF862 /* XCTest.framework in Frameworks */,
				59938A6118862F58007DF862 /* UIKit.framework in Frameworks */,
				59938A6018862F58007DF862 /* Foundation.framework in Frameworks */,
			);
			runOnlyForDeploymentPostprocessing = 0;
		};
/* End PBXFrameworksBuildPhase section */

/* Begin PBXGroup section */
		59938A3018862F58007DF862 = {
			isa = PBXGroup;
			children = (
				59938A4218862F58007DF862 /* Foobar */,
				59938A6418862F58007DF862 /* FoobarTests */,
				59938A3B18862F58007DF862 /* Frameworks */,
				59938A3A18862F58007DF862 /* Products */,
			);
			sourceTree = "<group>";
		};
		59938A3A18862F58007DF862 /* Products */ = {
			isa = PBXGroup;
			children = (
				59938A3918862F58007DF862 /* Foobar.app */,
				59938A5D18862F58007DF862 /* FoobarTests.xctest */,
			);
			name = Products;
			sourceTree = "<group>";
		};
		59938A3B18862F58007DF862 /* Frameworks */ = {
			isa = PBXGroup;
			children = (
				59938A3C18862F58007DF862 /* Foundation.framework */,
				59938A3E18862F58007DF862 /* CoreGraphics.framework */,
				59938A4018862F58007DF862 /* UIKit.framework */,
				59938A5E18862F58007DF862 /* XCTest.framework */,
			);
			name = Frameworks;
			sourceTree = "<group>";
		};
		59938A4218862F58007DF862 /* Foobar */ = {
			isa = PBXGroup;
			children = (
				59938A4B18862F58007DF862 /* AppDelegate.h */,
				59938A4C18862F58007DF862 /* AppDelegate.m */,
				59938A4E18862F58007DF862 /* Main_iPhone.storyboard */,
				59938A5118862F58007DF862 /* Main_iPad.storyboard */,
				59938A5418862F58007DF862 /* ViewController.h */,
				59938A5518862F58007DF862 /* ViewController.m */,
				59938A5718862F58007DF862 /* Images.xcassets */,
				59938A4318862F58007DF862 /* Supporting Files */,
			);
			path = Foobar;
			sourceTree = "<group>";
		};
		59938A4318862F58007DF862 /* Supporting Files */ = {
			isa = PBXGroup;
			children = (
				59938A4418862F58007DF862 /* Foobar-Info.plist */,
				59938A4518862F58007DF862 /* InfoPlist.strings */,
				59938A4818862F58007DF862 /* main.m */,
				59938A4A18862F58007DF862 /* Foobar-Prefix.pch */,
			);
			name = "Supporting Files";
			sourceTree = "<group>";
		};
		59938A6418862F58007DF862 /* FoobarTests */ = {
			isa = PBXGroup;
			children = (
				59938A6A18862F58007DF862 /* FoobarTests.m */,
				59938A6518862F58007DF862 /* Supporting Files */,
			);
			path = FoobarTests;
			sourceTree = "<group>";
		};
		59938A6518862F58007DF862 /* Supporting Files */ = {
			isa = PBXGroup;
			children = (
				59938A6618862F58007DF862 /* FoobarTests-Info.plist */,
				59938A6718862F58007DF862 /* InfoPlist.strings */,
			);
			name = "Supporting Files";
			sourceTree = "<group>";
		};
/* End PBXGroup section */

/* Begin PBXNativeTarget section */
		59938A3818862F58007DF862 /* Foobar */ = {
			isa = PBXNativeTarget;
			buildConfigurationList = 59938A6E18862F58007DF862 /* Build configuration list for PBXNativeTarget "Foobar" */;
			buildPhases = (
				59938A3518862F58007DF862 /* Sources */,
				59938A3618862F58007DF862 /* Frameworks */,
				59938A3718862F58007DF862 /* Resources */,
			);
			buildRules = (
			);
			dependencies = (
			);
			name = Foobar;
			productName = Foobar;
			productReference = 59938A3918862F58007DF862 /* Foobar.app */;
			productType = "com.apple.product-type.application";
		};
		59938A5C18862F58007DF862 /* FoobarTests */ = {
			isa = PBXNativeTarget;
			buildConfigurationList = 59938A7118862F58007DF862 /* Build configuration list for PBXNativeTarget "FoobarTests" */;
			buildPhases = (
				59938A5918862F58007DF862 /* Sources */,
				59938A5A18862F58007DF862 /* Frameworks */,
				59938A5B18862F58007DF862 /* Resources */,
			);
			buildRules = (
			);
			dependencies = (
				59938A6318862F58007DF862 /* PBXTargetDependency */,
			);
			name = FoobarTests;
			productName = FoobarTests;
			productReference = 59938A5D18862F58007DF862 /* FoobarTests.xctest */;
			productType = "com.apple.product-type.bundle.unit-test";
		};
/* End PBXNativeTarget section */

/* Begin PBXProject section */
		59938A3118862F58007DF862 /* Project object */ = {
			isa = PBXProject;
			attributes = {
				LastUpgradeCheck = 0500;
				ORGANIZATIONNAME = malloc;
				TargetAttributes = {
					59938A5C18862F58007DF862 = {
						TestTargetID = 59938A3818862F58007DF862;
					};
				};
			};
			buildConfigurationList = 59938A3418862F58007DF862 /* Build configuration list for PBXProject "Foobar" */;
			compatibilityVersion = "Xcode 3.2";
			developmentRegion = English;
			hasScannedForEncodings = 0;
			knownRegions = (
				en,
				Base,
			);
			mainGroup = 59938A3018862F58007DF862;
			productRefGroup = 59938A3A18862F58007DF862 /* Products */;
			projectDirPath = "";
			projectRoot = "";
			targets = (
				59938A3818862F58007DF862 /* Foobar */,
				59938A5C18862F58007DF862 /* FoobarTests */,
			);
		};
/* End PBXProject section */

/* Begin PBXResourcesBuildPhase section */
		59938A3718862F58007DF862 /* Resources */ = {
			isa = PBXResourcesBuildPhase;
			buildActionMask = 2147483647;
			files = (
				59938A5318862F58007DF862 /* Main_iPad.storyboard in Resources */,
				59938A5818862F58007DF862 /* Images.xcassets in Resources */,
				59938A5018862F58007DF862 /* Main_iPhone.storyboard in Resources */,
				59938A4718862F58007DF862 /* InfoPlist.strings in Resources */,
			);
			runOnlyForDeploymentPostprocessing = 0;
		};
		59938A5B18862F58007DF862 /* Resources */ = {
			isa = PBXResourcesBuildPhase;
			buildActionMask = 2147483647;
			files = (
				59938A6918862F58007DF862 /* InfoPlist.strings in Resources */,
			);
			runOnlyForDeploymentPostprocessing = 0;
		};
/* End PBXResourcesBuildPhase section */

/* Begin PBXSourcesBuildPhase section */
		59938A3518862F58007DF862 /* Sources */ = {
			isa = PBXSourcesBuildPhase;
			buildActionMask = 2147483647;
			files = (
				59938A5618862F58007DF862 /* ViewController.m in Sources */,
				59938A4D18862F58007DF862 /* AppDelegate.m in Sources */,
				59938A4918862F58007DF862 /* main.m in Sources */,
			);
			runOnlyForDeploymentPostprocessing = 0;
		};
		59938A5918862F58007DF862 /* Sources */ = {
			isa = PBXSourcesBuildPhase;
			buildActionMask = 2147483647;
			files = (
				59938A6B18862F58007DF862 /* FoobarTests.m in Sources */,
			);
			runOnlyForDeploymentPostprocessing = 0;
		};
/* End PBXSourcesBuildPhase section */

/* Begin PBXTargetDependency section */
		59938A6318862F58007DF862 /* PBXTargetDependency */ = {
			isa = PBXTargetDependency;
			target = 59938A3818862F58007DF862 /* Foobar */;
			targetProxy = 59938A6218862F58007DF862 /* PBXContainerItemProxy */;
		};
/* End PBXTargetDependency section */

/* Begin PBXVariantGroup section */
		59938A4518862F58007DF862 /* InfoPlist.strings */ = {
			isa = PBXVariantGroup;
			children = (
				59938A4618862F58007DF862 /* en */,
			);
			name = InfoPlist.strings;
			sourceTree = "<group>";
		};
		59938A4E18862F58007DF862 /* Main_iPhone.storyboard */ = {
			isa = PBXVariantGroup;
			children = (
				59938A4F18862F58007DF862 /* Base */,
			);
			name = Main_iPhone.storyboard;
			sourceTree = "<group>";
		};
		59938A5118862F58007DF862 /* Main_iPad.storyboard */ = {
			isa = PBXVariantGroup;
			children = (
				59938A5218862F58007DF862 /* Base */,
			);
			name = Main_iPad.storyboard;
			sourceTree = "<group>";
		};
		59938A6718862F58007DF862 /* InfoPlist.strings */ = {
			isa = PBXVariantGroup;
			children = (
				59938A6818862F58007DF862 /* en */,
			);
			name = InfoPlist.strings;
			sourceTree = "<group>";
		};
/* End PBXVariantGroup section */

/* Begin XCBuildConfiguration section */
		59938A6C18862F58007DF862 /* Debug */ = {
			isa = XCBuildConfiguration;
			buildSettings = {
				ALWAYS_SEARCH_USER_PATHS = NO;
				ARCHS = "$(ARCHS_STANDARD_INCLUDING_64_BIT)";
				CLANG_CXX_LANGUAGE_STANDARD = "gnu++0x";
				CLANG_CXX_LIBRARY = "libc++";
				CLANG_ENABLE_MODULES = YES;
				CLANG_ENABLE_OBJC_ARC = YES;
				CLANG_WARN_BOOL_CONVERSION = YES;
				CLANG_WARN_CONSTANT_CONVERSION = YES;
				CLANG_WARN_DIRECT_OBJC_ISA_USAGE = YES_ERROR;
				CLANG_WARN_EMPTY_BODY = YES;
				CLANG_WARN_ENUM_CONVERSION = YES;
				CLANG_WARN_INT_CONVERSION = YES;
				CLANG_WARN_OBJC_ROOT_CLASS = YES_ERROR;
				CLANG_WARN__DUPLICATE_METHOD_MATCH = YES;
				"CODE_SIGN_IDENTITY[sdk=iphoneos*]" = "iPhone Developer";
				COPY_PHASE_STRIP = NO;
				GCC_C_LANGUAGE_STANDARD = gnu99;
				GCC_DYNAMIC_NO_PIC = NO;
				GCC_OPTIMIZATION_LEVEL = 0;
				GCC_PREPROCESSOR_DEFINITIONS = (
					"DEBUG=1",
					"$(inherited)",
				);
				GCC_SYMBOLS_PRIVATE_EXTERN = NO;
				GCC_WARN_64_TO_32_BIT_CONVERSION = YES;
				GCC_WARN_ABOUT_RETURN_TYPE = YES_ERROR;
				GCC_WARN_UNDECLARED_SELECTOR = YES;
				GCC_WARN_UNINITIALIZED_AUTOS = YES;
				GCC_WARN_UNUSED_FUNCTION = YES;
				GCC_WARN_UNUSED_VARIABLE = YES;
				IPHONEOS_DEPLOYMENT_TARGET = 7.0;
				ONLY_ACTIVE_ARCH = YES;
				SDKROOT = iphoneos;
				TARGETED_DEVICE_FAMILY = "1,2";
			};
			name = Debug;
		};
		59938A6D18862F58007DF862 /* Release */ = {
			isa = XCBuildConfiguration;
			buildSettings = {
				ALWAYS_SEARCH_USER_PATHS = NO;
				ARCHS = "$(ARCHS_STANDARD_INCLUDING_64_BIT)";
				CLANG_CXX_LANGUAGE_STANDARD = "gnu++0x";
				CLANG_CXX_LIBRARY = "libc++";
				CLANG_ENABLE_MODULES = YES;
				CLANG_ENABLE_OBJC_ARC = YES;
				CLANG_WARN_BOOL_CONVERSION = YES;
				CLANG_WARN_CONSTANT_CONVERSION = YES;
				CLANG_WARN_DIRECT_OBJC_ISA_USAGE = YES_ERROR;
				CLANG_WARN_EMPTY_BODY = YES;
				CLANG_WARN_ENUM_CONVERSION = YES;
				CLANG_WARN_INT_CONVERSION = YES;
				CLANG_WARN_OBJC_ROOT_CLASS = YES_ERROR;
				CLANG_WARN__DUPLICATE_METHOD_MATCH = YES;
				"CODE_SIGN_IDENTITY[sdk=iphoneos*]" = "iPhone Developer";
				COPY_PHASE_STRIP = YES;
				ENABLE_NS_ASSERTIONS = NO;
				GCC_C_LANGUAGE_STANDARD = gnu99;
				GCC_WARN_64_TO_32_BIT_CONVERSION = YES;
				GCC_WARN_ABOUT_RETURN_TYPE = YES_ERROR;
				GCC_WARN_UNDECLARED_SELECTOR = YES;
				GCC_WARN_UNINITIALIZED_AUTOS = YES;
				GCC_WARN_UNUSED_FUNCTION = YES;
				GCC_WARN_UNUSED_VARIABLE = YES;
				IPHONEOS_DEPLOYMENT_TARGET = 7.0;
				SDKROOT = iphoneos;
				TARGETED_DEVICE_FAMILY = "1,2";
				VALIDATE_PRODUCT = YES;
			};
			name = Release;
		};
		59938A6F18862F58007DF862 /* Debug */ = {
			isa = XCBuildConfiguration;
			buildSettings = {
				ASSETCATALOG_COMPILER_APPICON_NAME = AppIcon;
				ASSETCATALOG_COMPILER_LAUNCHIMAGE_NAME = LaunchImage;
				GCC_PRECOMPILE_PREFIX_HEADER = YES;
				GCC_PREFIX_HEADER = "Foobar/Foobar-Prefix.pch";
				INFOPLIST_FILE = "Foobar/Foobar-Info.plist";
				PRODUCT_NAME = "$(TARGET_NAME)";
				TARGETED_DEVICE_FAMILY = "1,2";
				WRAPPER_EXTENSION = app;
			};
			name = Debug;
		};
		59938A7018862F58007DF862 /* Release */ = {
			isa = XCBuildConfiguration;
			buildSettings = {
				ASSETCATALOG_COMPILER_APPICON_NAME = AppIcon;
				ASSETCATALOG_COMPILER_LAUNCHIMAGE_NAME = LaunchImage;
				GCC_PRECOMPILE_PREFIX_HEADER = YES;
				GCC_PREFIX_HEADER = "Foobar/Foobar-Prefix.pch";
				INFOPLIST_FILE = "Foobar/Foobar-Info.plist";
				PRODUCT_NAME = "$(TARGET_NAME)";
				TARGETED_DEVICE_FAMILY = "1,2";
				WRAPPER_EXTENSION = app;
			};
			name = Release;
		};
		59938A7218862F58007DF862 /* Debug */ = {
			isa = XCBuildConfiguration;
			buildSettings = {
				ARCHS = "$(ARCHS_STANDARD_INCLUDING_64_BIT)";
				BUNDLE_LOADER = "$(BUILT_PRODUCTS_DIR)/Foobar.app/Foobar";
				FRAMEWORK_SEARCH_PATHS = (
					"$(SDKROOT)/Developer/Library/Frameworks",
					"$(inherited)",
					"$(DEVELOPER_FRAMEWORKS_DIR)",
				);
				GCC_PRECOMPILE_PREFIX_HEADER = YES;
				GCC_PREFIX_HEADER = "Foobar/Foobar-Prefix.pch";
				GCC_PREPROCESSOR_DEFINITIONS = (
					"DEBUG=1",
					"$(inherited)",
				);
				INFOPLIST_FILE = "FoobarTests/FoobarTests-Info.plist";
				PRODUCT_NAME = "$(TARGET_NAME)";
				TEST_HOST = "$(BUNDLE_LOADER)";
				WRAPPER_EXTENSION = xctest;
			};
			name = Debug;
		};
		59938A7318862F58007DF862 /* Release */ = {
			isa = XCBuildConfiguration;
			buildSettings = {
				ARCHS = "$(ARCHS_STANDARD_INCLUDING_64_BIT)";
				BUNDLE_LOADER = "$(BUILT_PRODUCTS_DIR)/Foobar.app/Foobar";
				FRAMEWORK_SEARCH_PATHS = (
					"$(SDKROOT)/Developer/Library/Frameworks",
					"$(inherited)",
					"$(DEVELOPER_FRAMEWORKS_DIR)",
				);
				GCC_PRECOMPILE_PREFIX_HEADER = YES;
				GCC_PREFIX_HEADER = "Foobar/Foobar-Prefix.pch";
				INFOPLIST_FILE = "FoobarTests/FoobarTests-Info.plist";
				PRODUCT_NAME = "$(TARGET_NAME)";
				TEST_HOST = "$(BUNDLE_LOADER)";
				WRAPPER_EXTENSION = xctest;
			};
			name = Release;
		};
/* End XCBuildConfiguration section */

/* Begin XCConfigurationList section */
		59938A3418862F58007DF862 /* Build configuration list for PBXProject "Foobar" */ = {
			isa = XCConfigurationList;
			buildConfigurations = (
				59938A6C18862F58007DF862 /* Debug */,
				59938A6D18862F58007DF862 /* Release */,
			);
			defaultConfigurationIsVisible = 0;
			defaultConfigurationName = Release;
		};
		59938A6E18862F58007DF862 /* Build configuration list for PBXNativeTarget "Foobar" */ = {
			isa = XCConfigurationList;
			buildConfigurations = (
				59938A6F18862F58007DF862 /* Debug */,
				59938A7018862F58007DF862 /* Release */,
			);
			defaultConfigurationIsVisible = 0;
		};
		59938A7118862F58007DF862 /* Build configuration list for PBXNativeTarget "FoobarTests" */ = {
			isa = XCConfigurationList;
			buildConfigurations = (
				59938A7218862F58007DF862 /* Debug */,
				59938A7318862F58007DF862 /* Release */,
			);
			defaultConfigurationIsVisible = 0;
		};
/* End XCConfigurationList section */
	};
	rootObject = 59938A3118862F58007DF862 /* Project object */;
}
